// !$*UTF8*$!
{
	archiveVersion = 1;
	classes = {
	};
	objectVersion = 77;
	objects = {

/* Begin PBXBuildFile section */
		1A0000000000000000000090 /* PiyoCore in Frameworks */ = {isa = PBXBuildFile; productRef = 1A0000000000000000000021 /* PiyoCore */; };
		1A0000000000000000000091 /* PiyoCore in Frameworks */ = {isa = PBXBuildFile; productRef = 1A0000000000000000000022 /* PiyoCore */; };
		1A0000000000000000000092 /* PiyoCore in Frameworks */ = {isa = PBXBuildFile; productRef = 1A0000000000000000000023 /* PiyoCore */; };
/* End PBXBuildFile section */

/* Begin PBXContainerItemProxy section */
		1A00000000000000000000B0 /* PBXContainerItemProxy */ = {
			isa = PBXContainerItemProxy;
			containerPortal = 1A0000000000000000000001 /* Project object */;
			proxyType = 1;
			remoteGlobalIDString = 1A0000000000000000000030;
			remoteInfo = PiyoStep;
		};
		1A00000000000000000000B1 /* PBXContainerItemProxy */ = {
			isa = PBXContainerItemProxy;
			containerPortal = 1A0000000000000000000001 /* Project object */;
			proxyType = 1;
			remoteGlobalIDString = 1A0000000000000000000030;
			remoteInfo = PiyoStep;
		};
/* End PBXContainerItemProxy section */

/* Begin PBXFileReference section */
		1A0000000000000000000040 /* PiyoStep.app */ = {isa = PBXFileReference; explicitFileType = wrapper.application; includeInIndex = 0; path = PiyoStep.app; sourceTree = BUILT_PRODUCTS_DIR; };
		1A0000000000000000000041 /* PiyoStepTests.xctest */ = {isa = PBXFileReference; explicitFileType = wrapper.cfbundle; includeInIndex = 0; path = PiyoStepTests.xctest; sourceTree = BUILT_PRODUCTS_DIR; };
		1A0000000000000000000042 /* PiyoStepUITests.xctest */ = {isa = PBXFileReference; explicitFileType = wrapper.cfbundle; includeInIndex = 0; path = PiyoStepUITests.xctest; sourceTree = BUILT_PRODUCTS_DIR; };
		1A00000000000000000000A0 /* PiyoCore */ = {isa = PBXFileReference; lastKnownFileType = wrapper; path = Packages/PiyoCore; sourceTree = "<group>"; };
		1A00000000000000000000A1 /* docs */ = {isa = PBXFileReference; lastKnownFileType = folder; path = docs; sourceTree = "<group>"; };
		1A00000000000000000000A2 /* README.md */ = {isa = PBXFileReference; lastKnownFileType = net.daringfireball.markdown; path = README.md; sourceTree = "<group>"; };
/* End PBXFileReference section */

/* Begin PBXFileSystemSynchronizedRootGroup section */
		1A0000000000000000000010 /* PiyoStep */ = {
			isa = PBXFileSystemSynchronizedRootGroup;
			path = PiyoStep;
			sourceTree = "<group>";
		};
		1A0000000000000000000011 /* PiyoStepTests */ = {
			isa = PBXFileSystemSynchronizedRootGroup;
			path = PiyoStepTests;
			sourceTree = "<group>";
		};
		1A0000000000000000000012 /* PiyoStepUITests */ = {
			isa = PBXFileSystemSynchronizedRootGroup;
			path = PiyoStepUITests;
			sourceTree = "<group>";
		};
/* End PBXFileSystemSynchronizedRootGroup section */

/* Begin PBXFrameworksBuildPhase section */
		1A0000000000000000000051 /* Frameworks */ = {
			isa = PBXFrameworksBuildPhase;
			buildActionMask = 2147483647;
			files = (
				1A0000000000000000000090 /* PiyoCore in Frameworks */,
			);
			runOnlyForDeploymentPostprocessing = 0;
		};
		1A0000000000000000000054 /* Frameworks */ = {
			isa = PBXFrameworksBuildPhase;
			buildActionMask = 2147483647;
			files = (
				1A0000000000000000000091 /* PiyoCore in Frameworks */,
			);
			runOnlyForDeploymentPostprocessing = 0;
		};
		1A0000000000000000000057 /* Frameworks */ = {
			isa = PBXFrameworksBuildPhase;
			buildActionMask = 2147483647;
			files = (
				1A0000000000000000000092 /* PiyoCore in Frameworks */,
			);
			runOnlyForDeploymentPostprocessing = 0;
		};
/* End PBXFrameworksBuildPhase section */

/* Begin PBXGroup section */
		1A0000000000000000000002 = {
			isa = PBXGroup;
			children = (
				1A00000000000000000000A2 /* README.md */,
				1A00000000000000000000A1 /* docs */,
				1A00000000000000000000A0 /* PiyoCore */,
				1A0000000000000000000010 /* PiyoStep */,
				1A0000000000000000000011 /* PiyoStepTests */,
				1A0000000000000000000012 /* PiyoStepUITests */,
				1A0000000000000000000003 /* Products */,
			);
			sourceTree = "<group>";
		};
		1A0000000000000000000003 /* Products */ = {
			isa = PBXGroup;
			children = (
				1A0000000000000000000040 /* PiyoStep.app */,
				1A0000000000000000000041 /* PiyoStepTests.xctest */,
				1A0000000000000000000042 /* PiyoStepUITests.xctest */,
			);
			name = Products;
			sourceTree = "<group>";
		};
/* End PBXGroup section */

/* Begin PBXNativeTarget section */
		1A0000000000000000000030 /* PiyoStep */ = {
			isa = PBXNativeTarget;
			buildConfigurationList = 1A0000000000000000000071 /* Build configuration list for PBXNativeTarget "PiyoStep" */;
			buildPhases = (
				1A0000000000000000000050 /* Sources */,
				1A0000000000000000000051 /* Frameworks */,
				1A0000000000000000000052 /* Resources */,
			);
			buildRules = (
			);
			dependencies = (
			);
			fileSystemSynchronizedGroups = (
				1A0000000000000000000010 /* PiyoStep */,
			);
			name = PiyoStep;
			packageProductDependencies = (
				1A0000000000000000000021 /* PiyoCore */,
			);
			productName = PiyoStep;
			productReference = 1A0000000000000000000040 /* PiyoStep.app */;
			productType = "com.apple.product-type.application";
		};
		1A0000000000000000000031 /* PiyoStepTests */ = {
			isa = PBXNativeTarget;
			buildConfigurationList = 1A0000000000000000000072 /* Build configuration list for PBXNativeTarget "PiyoStepTests" */;
			buildPhases = (
				1A0000000000000000000053 /* Sources */,
				1A0000000000000000000054 /* Frameworks */,
				1A0000000000000000000055 /* Resources */,
			);
			buildRules = (
			);
			dependencies = (
				1A0000000000000000000060 /* PBXTargetDependency */,
			);
			fileSystemSynchronizedGroups = (
				1A0000000000000000000011 /* PiyoStepTests */,
			);
			name = PiyoStepTests;
			packageProductDependencies = (
				1A0000000000000000000022 /* PiyoCore */,
			);
			productName = PiyoStepTests;
			productReference = 1A0000000000000000000041 /* PiyoStepTests.xctest */;
			productType = "com.apple.product-type.bundle.unit-test";
		};
		1A0000000000000000000032 /* PiyoStepUITests */ = {
			isa = PBXNativeTarget;
			buildConfigurationList = 1A0000000000000000000073 /* Build configuration list for PBXNativeTarget "PiyoStepUITests" */;
			buildPhases = (
				1A0000000000000000000056 /* Sources */,
				1A0000000000000000000057 /* Frameworks */,
				1A0000000000000000000058 /* Resources */,
			);
			buildRules = (
			);
			dependencies = (
				1A0000000000000000000061 /* PBXTargetDependency */,
			);
			fileSystemSynchronizedGroups = (
				1A0000000000000000000012 /* PiyoStepUITests */,
			);
			name = PiyoStepUITests;
			packageProductDependencies = (
				1A0000000000000000000023 /* PiyoCore */,
			);
			productName = PiyoStepUITests;
			productReference = 1A0000000000000000000042 /* PiyoStepUITests.xctest */;
			productType = "com.apple.product-type.bundle.ui-testing";
		};
/* End PBXNativeTarget section */

/* Begin PBXProject section */
		1A0000000000000000000001 /* Project object */ = {
			isa = PBXProject;
			attributes = {
				BuildIndependentTargetsInParallel = 1;
				LastSwiftUpdateCheck = 1600;
				LastUpgradeCheck = 1600;
				TargetAttributes = {
					1A0000000000000000000030 = {
						CreatedOnToolsVersion = 16.0;
					};
					1A0000000000000000000031 = {
						CreatedOnToolsVersion = 16.0;
						TestTargetID = 1A0000000000000000000030;
					};
					1A0000000000000000000032 = {
						CreatedOnToolsVersion = 16.0;
						TestTargetID = 1A0000000000000000000030;
					};
				};
			};
			buildConfigurationList = 1A0000000000000000000070 /* Build configuration list for PBXProject "PiyoStep" */;
			developmentRegion = ja;
			hasScannedForEncodings = 0;
			knownRegions = (
				ja,
				en,
				Base,
			);
			mainGroup = 1A0000000000000000000002;
			minimizedProjectReferenceProxies = 1;
			packageReferences = (
				1A0000000000000000000020 /* XCLocalSwiftPackageReference "Packages/PiyoCore" */,
			);
			preferredProjectObjectVersion = 77;
			productRefGroup = 1A0000000000000000000003 /* Products */;
			projectDirPath = "";
			projectRoot = "";
			targets = (
				1A0000000000000000000030 /* PiyoStep */,
				1A0000000000000000000031 /* PiyoStepTests */,
				1A0000000000000000000032 /* PiyoStepUITests */,
			);
		};
/* End PBXProject section */

/* Begin PBXResourcesBuildPhase section */
		1A0000000000000000000052 /* Resources */ = {
			isa = PBXResourcesBuildPhase;
			buildActionMask = 2147483647;
			files = (
			);
			runOnlyForDeploymentPostprocessing = 0;
		};
		1A0000000000000000000055 /* Resources */ = {
			isa = PBXResourcesBuildPhase;
			buildActionMask = 2147483647;
			files = (
			);
			runOnlyForDeploymentPostprocessing = 0;
		};
		1A0000000000000000000058 /* Resources */ = {
			isa = PBXResourcesBuildPhase;
			buildActionMask = 2147483647;
			files = (
			);
			runOnlyForDeploymentPostprocessing = 0;
		};
/* End PBXResourcesBuildPhase section */

/* Begin PBXSourcesBuildPhase section */
		1A0000000000000000000050 /* Sources */ = {
			isa = PBXSourcesBuildPhase;
			buildActionMask = 2147483647;
			files = (
			);
			runOnlyForDeploymentPostprocessing = 0;
		};
		1A0000000000000000000053 /* Sources */ = {
			isa = PBXSourcesBuildPhase;
			buildActionMask = 2147483647;
			files = (
			);
			runOnlyForDeploymentPostprocessing = 0;
		};
		1A0000000000000000000056 /* Sources */ = {
			isa = PBXSourcesBuildPhase;
			buildActionMask = 2147483647;
			files = (
			);
			runOnlyForDeploymentPostprocessing = 0;
		};
/* End PBXSourcesBuildPhase section */

/* Begin PBXTargetDependency section */
		1A0000000000000000000060 /* PBXTargetDependency */ = {
			isa = PBXTargetDependency;
			target = 1A0000000000000000000030 /* PiyoStep */;
			targetProxy = 1A00000000000000000000B0 /* PBXContainerItemProxy */;
		};
		1A0000000000000000000061 /* PBXTargetDependency */ = {
			isa = PBXTargetDependency;
			target = 1A0000000000000000000030 /* PiyoStep */;
			targetProxy = 1A00000000000000000000B1 /* PBXContainerItemProxy */;
		};
/* End PBXTargetDependency section */

/* Begin XCBuildConfiguration section */
		1A0000000000000000000080 /* Debug */ = {
			isa = XCBuildConfiguration;
			buildSettings = {
				ALWAYS_SEARCH_USER_PATHS = NO;
				ASSETCATALOG_COMPILER_GENERATE_SWIFT_ASSET_SYMBOL_EXTENSIONS = YES;
				CLANG_ANALYZER_NONNULL = YES;
				CLANG_ENABLE_MODULES = YES;
				CLANG_ENABLE_OBJC_ARC = YES;
				COPY_PHASE_STRIP = NO;
				DEBUG_INFORMATION_FORMAT = dwarf;
				ENABLE_STRICT_OBJC_MSGSEND = YES;
				ENABLE_TESTABILITY = YES;
				ENABLE_USER_SCRIPT_SANDBOXING = YES;
				GCC_C_LANGUAGE_STANDARD = gnu17;
				GCC_DYNAMIC_NO_PIC = NO;
				GCC_NO_COMMON_BLOCKS = YES;
				GCC_OPTIMIZATION_LEVEL = 0;
				GCC_PREPROCESSOR_DEFINITIONS = (
					"DEBUG=1",
					"$(inherited)",
				);
				IPHONEOS_DEPLOYMENT_TARGET = 17.0;
				LOCALIZATION_PREFERS_STRING_CATALOGS = YES;
				MTL_ENABLE_DEBUG_INFO = INCLUDE_SOURCE;
				MTL_FAST_MATH = YES;
				ONLY_ACTIVE_ARCH = YES;
				SDKROOT = iphoneos;
				SWIFT_ACTIVE_COMPILATION_CONDITIONS = "DEBUG $(inherited)";
				SWIFT_OPTIMIZATION_LEVEL = "-Onone";
				SWIFT_VERSION = 5.0;
			};
			name = Debug;
		};
		1A0000000000000000000081 /* Release */ = {
			isa = XCBuildConfiguration;
			buildSettings = {
				ALWAYS_SEARCH_USER_PATHS = NO;
				ASSETCATALOG_COMPILER_GENERATE_SWIFT_ASSET_SYMBOL_EXTENSIONS = YES;
				CLANG_ANALYZER_NONNULL = YES;
				CLANG_ENABLE_MODULES = YES;
				CLANG_ENABLE_OBJC_ARC = YES;
				COPY_PHASE_STRIP = NO;
				DEBUG_INFORMATION_FORMAT = "dwarf-with-dsym";
				ENABLE_NS_ASSERTIONS = NO;
				ENABLE_STRICT_OBJC_MSGSEND = YES;
				ENABLE_USER_SCRIPT_SANDBOXING = YES;
				GCC_C_LANGUAGE_STANDARD = gnu17;
				GCC_NO_COMMON_BLOCKS = YES;
				IPHONEOS_DEPLOYMENT_TARGET = 17.0;
				LOCALIZATION_PREFERS_STRING_CATALOGS = YES;
				MTL_ENABLE_DEBUG_INFO = NO;
				MTL_FAST_MATH = YES;
				SDKROOT = iphoneos;
				SWIFT_COMPILATION_MODE = wholemodule;
				SWIFT_VERSION = 5.0;
				VALIDATE_PRODUCT = YES;
			};
			name = Release;
		};
		1A0000000000000000000082 /* Debug */ = {
			isa = XCBuildConfiguration;
			buildSettings = {
				ASSETCATALOG_COMPILER_APPICON_NAME = AppIcon;
				ASSETCATALOG_COMPILER_GLOBAL_ACCENT_COLOR_NAME = AccentColor;
				CODE_SIGN_STYLE = Automatic;
				CURRENT_PROJECT_VERSION = 1;
				DEVELOPMENT_ASSET_PATHS = "";
				ENABLE_PREVIEWS = YES;
				GENERATE_INFOPLIST_FILE = YES;
				INFOPLIST_KEY_CFBundleDisplayName = "ぴよステップ";
				INFOPLIST_KEY_NSHumanReadableCopyright = "";
				INFOPLIST_KEY_NSMicrophoneUsageDescription = "こえで こたえる ために マイクを つかいます。ろくおんした おとは この たんまつの なかだけで つかわれ、そとには おくられません。";
				INFOPLIST_KEY_NSSpeechRecognitionUsageDescription = "こえで こたえた ことばを ききとる ために つかいます。ききとった ことばは この アプリの なかだけで つかわれます。";
				INFOPLIST_KEY_UIApplicationSceneManifest_Generation = YES;
				INFOPLIST_KEY_UIApplicationSupportsIndirectInputEvents = YES;
				INFOPLIST_KEY_UILaunchScreen_Generation = YES;
				INFOPLIST_KEY_UILaunchScreen_UIColorName = LaunchBackground;
				INFOPLIST_KEY_UIStatusBarStyle = UIStatusBarStyleDarkContent;
				INFOPLIST_KEY_UISupportedInterfaceOrientations_iPad = "UIInterfaceOrientationPortrait UIInterfaceOrientationPortraitUpsideDown UIInterfaceOrientationLandscapeLeft UIInterfaceOrientationLandscapeRight";
				INFOPLIST_KEY_UISupportedInterfaceOrientations_iPhone = UIInterfaceOrientationPortrait;
				INFOPLIST_KEY_UIUserInterfaceStyle = Light;
				LD_RUNPATH_SEARCH_PATHS = (
					"$(inherited)",
					"@executable_path/Frameworks",
				);
				MARKETING_VERSION = 1.0;
				PRODUCT_BUNDLE_IDENTIFIER = jp.piyostep.app;
				PRODUCT_NAME = "$(TARGET_NAME)";
				SWIFT_EMIT_LOC_STRINGS = YES;
				SWIFT_VERSION = 5.0;
				TARGETED_DEVICE_FAMILY = "1,2";
			};
			name = Debug;
		};
		1A0000000000000000000083 /* Release */ = {
			isa = XCBuildConfiguration;
			buildSettings = {
				ASSETCATALOG_COMPILER_APPICON_NAME = AppIcon;
				ASSETCATALOG_COMPILER_GLOBAL_ACCENT_COLOR_NAME = AccentColor;
				CODE_SIGN_STYLE = Automatic;
				CURRENT_PROJECT_VERSION = 1;
				DEVELOPMENT_ASSET_PATHS = "";
				ENABLE_PREVIEWS = YES;
				GENERATE_INFOPLIST_FILE = YES;
				INFOPLIST_KEY_CFBundleDisplayName = "ぴよステップ";
				INFOPLIST_KEY_NSHumanReadableCopyright = "";
				INFOPLIST_KEY_NSMicrophoneUsageDescription = "こえで こたえる ために マイクを つかいます。ろくおんした おとは この たんまつの なかだけで つかわれ、そとには おくられません。";
				INFOPLIST_KEY_NSSpeechRecognitionUsageDescription = "こえで こたえた ことばを ききとる ために つかいます。ききとった ことばは この アプリの なかだけで つかわれます。";
				INFOPLIST_KEY_UIApplicationSceneManifest_Generation = YES;
				INFOPLIST_KEY_UIApplicationSupportsIndirectInputEvents = YES;
				INFOPLIST_KEY_UILaunchScreen_Generation = YES;
				INFOPLIST_KEY_UILaunchScreen_UIColorName = LaunchBackground;
				INFOPLIST_KEY_UIStatusBarStyle = UIStatusBarStyleDarkContent;
				INFOPLIST_KEY_UISupportedInterfaceOrientations_iPad = "UIInterfaceOrientationPortrait UIInterfaceOrientationPortraitUpsideDown UIInterfaceOrientationLandscapeLeft UIInterfaceOrientationLandscapeRight";
				INFOPLIST_KEY_UISupportedInterfaceOrientations_iPhone = UIInterfaceOrientationPortrait;
				INFOPLIST_KEY_UIUserInterfaceStyle = Light;
				LD_RUNPATH_SEARCH_PATHS = (
					"$(inherited)",
					"@executable_path/Frameworks",
				);
				MARKETING_VERSION = 1.0;
				PRODUCT_BUNDLE_IDENTIFIER = jp.piyostep.app;
				PRODUCT_NAME = "$(TARGET_NAME)";
				SWIFT_EMIT_LOC_STRINGS = YES;
				SWIFT_VERSION = 5.0;
				TARGETED_DEVICE_FAMILY = "1,2";
			};
			name = Release;
		};
		1A0000000000000000000084 /* Debug */ = {
			isa = XCBuildConfiguration;
			buildSettings = {
				BUNDLE_LOADER = "$(TEST_HOST)";
				CODE_SIGN_STYLE = Automatic;
				CURRENT_PROJECT_VERSION = 1;
				GENERATE_INFOPLIST_FILE = YES;
				MARKETING_VERSION = 1.0;
				PRODUCT_BUNDLE_IDENTIFIER = jp.piyostep.app.tests;
				PRODUCT_NAME = "$(TARGET_NAME)";
				SWIFT_EMIT_LOC_STRINGS = NO;
				SWIFT_VERSION = 5.0;
				TARGETED_DEVICE_FAMILY = "1,2";
				TEST_HOST = "$(BUILT_PRODUCTS_DIR)/PiyoStep.app/$(BUNDLE_EXECUTABLE_FOLDER_PATH)/PiyoStep";
			};
			name = Debug;
		};
		1A0000000000000000000085 /* Release */ = {
			isa = XCBuildConfiguration;
			buildSettings = {
				BUNDLE_LOADER = "$(TEST_HOST)";
				CODE_SIGN_STYLE = Automatic;
				CURRENT_PROJECT_VERSION = 1;
				GENERATE_INFOPLIST_FILE = YES;
				MARKETING_VERSION = 1.0;
				PRODUCT_BUNDLE_IDENTIFIER = jp.piyostep.app.tests;
				PRODUCT_NAME = "$(TARGET_NAME)";
				SWIFT_EMIT_LOC_STRINGS = NO;
				SWIFT_VERSION = 5.0;
				TARGETED_DEVICE_FAMILY = "1,2";
				TEST_HOST = "$(BUILT_PRODUCTS_DIR)/PiyoStep.app/$(BUNDLE_EXECUTABLE_FOLDER_PATH)/PiyoStep";
			};
			name = Release;
		};
		1A0000000000000000000086 /* Debug */ = {
			isa = XCBuildConfiguration;
			buildSettings = {
				CODE_SIGN_STYLE = Automatic;
				CURRENT_PROJECT_VERSION = 1;
				GENERATE_INFOPLIST_FILE = YES;
				MARKETING_VERSION = 1.0;
				PRODUCT_BUNDLE_IDENTIFIER = jp.piyostep.app.uitests;
				PRODUCT_NAME = "$(TARGET_NAME)";
				SWIFT_EMIT_LOC_STRINGS = NO;
				SWIFT_VERSION = 5.0;
				TARGETED_DEVICE_FAMILY = "1,2";
				TEST_TARGET_NAME = PiyoStep;
			};
			name = Debug;
		};
		1A0000000000000000000087 /* Release */ = {
			isa = XCBuildConfiguration;
			buildSettings = {
				CODE_SIGN_STYLE = Automatic;
				CURRENT_PROJECT_VERSION = 1;
				GENERATE_INFOPLIST_FILE = YES;
				MARKETING_VERSION = 1.0;
				PRODUCT_BUNDLE_IDENTIFIER = jp.piyostep.app.uitests;
				PRODUCT_NAME = "$(TARGET_NAME)";
				SWIFT_EMIT_LOC_STRINGS = NO;
				SWIFT_VERSION = 5.0;
				TARGETED_DEVICE_FAMILY = "1,2";
				TEST_TARGET_NAME = PiyoStep;
			};
			name = Release;
		};
/* End XCBuildConfiguration section */

/* Begin XCConfigurationList section */
		1A0000000000000000000070 /* Build configuration list for PBXProject "PiyoStep" */ = {
			isa = XCConfigurationList;
			buildConfigurations = (
				1A0000000000000000000080 /* Debug */,
				1A0000000000000000000081 /* Release */,
			);
			defaultConfigurationIsVisible = 0;
			defaultConfigurationName = Release;
		};
		1A0000000000000000000071 /* Build configuration list for PBXNativeTarget "PiyoStep" */ = {
			isa = XCConfigurationList;
			buildConfigurations = (
				1A0000000000000000000082 /* Debug */,
				1A0000000000000000000083 /* Release */,
			);
			defaultConfigurationIsVisible = 0;
			defaultConfigurationName = Release;
		};
		1A0000000000000000000072 /* Build configuration list for PBXNativeTarget "PiyoStepTests" */ = {
			isa = XCConfigurationList;
			buildConfigurations = (
				1A0000000000000000000084 /* Debug */,
				1A0000000000000000000085 /* Release */,
			);
			defaultConfigurationIsVisible = 0;
			defaultConfigurationName = Release;
		};
		1A0000000000000000000073 /* Build configuration list for PBXNativeTarget "PiyoStepUITests" */ = {
			isa = XCConfigurationList;
			buildConfigurations = (
				1A0000000000000000000086 /* Debug */,
				1A0000000000000000000087 /* Release */,
			);
			defaultConfigurationIsVisible = 0;
			defaultConfigurationName = Release;
		};
/* End XCConfigurationList section */

/* Begin XCLocalSwiftPackageReference section */
		1A0000000000000000000020 /* XCLocalSwiftPackageReference "Packages/PiyoCore" */ = {
			isa = XCLocalSwiftPackageReference;
			relativePath = Packages/PiyoCore;
		};
/* End XCLocalSwiftPackageReference section */

/* Begin XCSwiftPackageProductDependency section */
		1A0000000000000000000021 /* PiyoCore */ = {
			isa = XCSwiftPackageProductDependency;
			productName = PiyoCore;
		};
		1A0000000000000000000022 /* PiyoCore */ = {
			isa = XCSwiftPackageProductDependency;
			productName = PiyoCore;
		};
		1A0000000000000000000023 /* PiyoCore */ = {
			isa = XCSwiftPackageProductDependency;
			productName = PiyoCore;
		};
/* End XCSwiftPackageProductDependency section */
	};
	rootObject = 1A0000000000000000000001 /* Project object */;
}
